
Microsoft Visual Studio Solution File, Format Version 12.00
# Visual Studio Version 17
VisualStudioVersion = 17.1.32328.378
MinimumVisualStudioVersion = 10.0.40219.1
Project("{FAE04EC0-301F-11D3-BF4B-00C04F79EFBC}") = "RobberLanguageAPI", "RobberLanguageAPI\RobberLanguageAPI.csproj", "{B6616A86-E0CE-4BE4-A811-6C797C699A4F}"
EndProject
Global
	GlobalSection(SolutionConfigurationPlatforms) = preSolution
		Debug|Any CPU = Debug|Any CPU
		Release|Any CPU = Release|Any CPU
	EndGlobalSection
	GlobalSection(ProjectConfigurationPlatforms) = postSolution
		{B6616A86-E0CE-4BE4-A811-6C797C699A4F}.Debug|Any CPU.ActiveCfg = Debug|Any CPU
		{B6616A86-E0CE-4BE4-A811-6C797C699A4F}.Debug|Any CPU.Build.0 = Debug|Any CPU
		{B6616A86-E0CE-4BE4-A811-6C797C699A4F}.Release|Any CPU.ActiveCfg = Release|Any CPU
		{B6616A86-E0CE-4BE4-A811-6C797C699A4F}.Release|Any CPU.Build.0 = Release|Any CPU
	EndGlobalSection
	GlobalSection(SolutionProperties) = preSolution
		HideSolutionNode = FALSE
	EndGlobalSection
	GlobalSection(ExtensibilityGlobals) = postSolution
		SolutionGuid = {C6E27005-A0D1-4239-AB63-3F5E5C15E0B1}
	EndGlobalSection
EndGlobal
